// !$*UTF8*$!
{
	archiveVersion = 1;
	classes = {
	};
	objectVersion = 55;
	objects = {

/* Begin PBXBuildFile section */
		562E8D122718730900AF73DC /* RxBlocking in Frameworks */ = {isa = PBXBuildFile; productRef = 562E8D112718730900AF73DC /* RxBlocking */; };
		562E8D142718730900AF73DC /* RxCocoa in Frameworks */ = {isa = PBXBuildFile; productRef = 562E8D132718730900AF73DC /* RxCocoa */; };
		562E8D162718730900AF73DC /* RxRelay in Frameworks */ = {isa = PBXBuildFile; productRef = 562E8D152718730900AF73DC /* RxRelay */; };
		562E8D182718730900AF73DC /* RxSwift in Frameworks */ = {isa = PBXBuildFile; productRef = 562E8D172718730900AF73DC /* RxSwift */; };
		56C11CD227161A6000D68952 /* AppDelegate.swift in Sources */ = {isa = PBXBuildFile; fileRef = 56C11CD127161A6000D68952 /* AppDelegate.swift */; };
		56C11CD427161A6000D68952 /* SceneDelegate.swift in Sources */ = {isa = PBXBuildFile; fileRef = 56C11CD327161A6000D68952 /* SceneDelegate.swift */; };
		56C11CD627161A6000D68952 /* ViewController.swift in Sources */ = {isa = PBXBuildFile; fileRef = 56C11CD527161A6000D68952 /* ViewController.swift */; };
		56C11CD927161A6000D68952 /* Main.storyboard in Resources */ = {isa = PBXBuildFile; fileRef = 56C11CD727161A6000D68952 /* Main.storyboard */; };
		56C11CDB27161A6100D68952 /* Assets.xcassets in Resources */ = {isa = PBXBuildFile; fileRef = 56C11CDA27161A6100D68952 /* Assets.xcassets */; };
		56C11CDE27161A6100D68952 /* LaunchScreen.storyboard in Resources */ = {isa = PBXBuildFile; fileRef = 56C11CDC27161A6100D68952 /* LaunchScreen.storyboard */; };
		56C11CE927161A6100D68952 /* HW4_EgeSeckinTests.swift in Sources */ = {isa = PBXBuildFile; fileRef = 56C11CE827161A6100D68952 /* HW4_EgeSeckinTests.swift */; };
		56C11CF327161A6100D68952 /* HW4_EgeSeckinUITests.swift in Sources */ = {isa = PBXBuildFile; fileRef = 56C11CF227161A6100D68952 /* HW4_EgeSeckinUITests.swift */; };
		56C11CF527161A6100D68952 /* HW4_EgeSeckinUITestsLaunchTests.swift in Sources */ = {isa = PBXBuildFile; fileRef = 56C11CF427161A6100D68952 /* HW4_EgeSeckinUITestsLaunchTests.swift */; };
		56C11D0327161D1A00D68952 /* DefaultNetworkOperationPackage in Frameworks */ = {isa = PBXBuildFile; productRef = 56C11D0227161D1A00D68952 /* DefaultNetworkOperationPackage */; };
		56C11D2427186BC600D68952 /* MainViewModel.swift in Sources */ = {isa = PBXBuildFile; fileRef = 56C11D2327186BC600D68952 /* MainViewModel.swift */; };
		56C11D2627186BE100D68952 /* MainViewController.swift in Sources */ = {isa = PBXBuildFile; fileRef = 56C11D2527186BE100D68952 /* MainViewController.swift */; };
		56C11D2827186C0200D68952 /* MainViewBuilder.swift in Sources */ = {isa = PBXBuildFile; fileRef = 56C11D2727186C0200D68952 /* MainViewBuilder.swift */; };
		56C11D2A27186C2200D68952 /* ProductListViewController.swift in Sources */ = {isa = PBXBuildFile; fileRef = 56C11D2927186C2200D68952 /* ProductListViewController.swift */; };
		56C11D2C27186C5400D68952 /* ProductListViewBuilder.swift in Sources */ = {isa = PBXBuildFile; fileRef = 56C11D2B27186C5400D68952 /* ProductListViewBuilder.swift */; };
		56C11D2E27186C7A00D68952 /* ProductListViewModel.swift in Sources */ = {isa = PBXBuildFile; fileRef = 56C11D2D27186C7A00D68952 /* ProductListViewModel.swift */; };
		56C11D3027186CAA00D68952 /* ProductListViewState.swift in Sources */ = {isa = PBXBuildFile; fileRef = 56C11D2F27186CAA00D68952 /* ProductListViewState.swift */; };
		56C11D3227186CC900D68952 /* ProductListDataFormatter.swift in Sources */ = {isa = PBXBuildFile; fileRef = 56C11D3127186CC900D68952 /* ProductListDataFormatter.swift */; };
		56C11D3427186CE600D68952 /* ProductListDataFormatterProtocol.swift in Sources */ = {isa = PBXBuildFile; fileRef = 56C11D3327186CE600D68952 /* ProductListDataFormatterProtocol.swift */; };
		56C11D3627186D0C00D68952 /* GenericImageContainer.swift in Sources */ = {isa = PBXBuildFile; fileRef = 56C11D3527186D0C00D68952 /* GenericImageContainer.swift */; };
		56C11D3827186D3000D68952 /* GenericImageContainerViewModel.swift in Sources */ = {isa = PBXBuildFile; fileRef = 56C11D3727186D3000D68952 /* GenericImageContainerViewModel.swift */; };
		56C11D3A27186D5600D68952 /* GenericImageContainerViewBuilder.swift in Sources */ = {isa = PBXBuildFile; fileRef = 56C11D3927186D5600D68952 /* GenericImageContainerViewBuilder.swift */; };
		56C11D3C27186D7400D68952 /* PageViewDataProtocol.swift in Sources */ = {isa = PBXBuildFile; fileRef = 56C11D3B27186D7400D68952 /* PageViewDataProtocol.swift */; };
		56C11D3E27186D9300D68952 /* GenericContainerData.swift in Sources */ = {isa = PBXBuildFile; fileRef = 56C11D3D27186D9300D68952 /* GenericContainerData.swift */; };
		56C11D4027186DAA00D68952 /* GenericValueProtocol.swift in Sources */ = {isa = PBXBuildFile; fileRef = 56C11D3F27186DAA00D68952 /* GenericValueProtocol.swift */; };
		56C11D4227186DC500D68952 /* BaseViewController.swift in Sources */ = {isa = PBXBuildFile; fileRef = 56C11D4127186DC500D68952 /* BaseViewController.swift */; };
		56C11D4427186DDC00D68952 /* GenericBaseView.swift in Sources */ = {isa = PBXBuildFile; fileRef = 56C11D4327186DDC00D68952 /* GenericBaseView.swift */; };
		56C11D4627186DEF00D68952 /* BaseView.swift in Sources */ = {isa = PBXBuildFile; fileRef = 56C11D4527186DEF00D68952 /* BaseView.swift */; };
		56C11D4827186E0400D68952 /* GenericDataProtocol.swift in Sources */ = {isa = PBXBuildFile; fileRef = 56C11D4727186E0400D68952 /* GenericDataProtocol.swift */; };
		56C11D4A27186E1A00D68952 /* BaseTableViewCell.swift in Sources */ = {isa = PBXBuildFile; fileRef = 56C11D4927186E1A00D68952 /* BaseTableViewCell.swift */; };
		56C11D4C27186E3400D68952 /* FontManager.swift in Sources */ = {isa = PBXBuildFile; fileRef = 56C11D4B27186E3400D68952 /* FontManager.swift */; };
		56C11D4E27186E5D00D68952 /* ItemListView.swift in Sources */ = {isa = PBXBuildFile; fileRef = 56C11D4D27186E5D00D68952 /* ItemListView.swift */; };
		56C11D5027186E7C00D68952 /* ItemListProtocol.swift in Sources */ = {isa = PBXBuildFile; fileRef = 56C11D4F27186E7C00D68952 /* ItemListProtocol.swift */; };
		56C11D5227186E9900D68952 /* ItemTableViewCell.swift in Sources */ = {isa = PBXBuildFile; fileRef = 56C11D5127186E9900D68952 /* ItemTableViewCell.swift */; };
		56C11D5427186EC000D68952 /* ItemTableViewCellData.swift in Sources */ = {isa = PBXBuildFile; fileRef = 56C11D5327186EC000D68952 /* ItemTableViewCellData.swift */; };
		56C11D5627186EE800D68952 /* LabelDistributionData.swift in Sources */ = {isa = PBXBuildFile; fileRef = 56C11D5527186EE800D68952 /* LabelDistributionData.swift */; };
		56C11D5827186EFE00D68952 /* LabelPackComponent.swift in Sources */ = {isa = PBXBuildFile; fileRef = 56C11D5727186EFE00D68952 /* LabelPackComponent.swift */; };
		56C11D5A27186F1800D68952 /* LabelPackComponentData.swift in Sources */ = {isa = PBXBuildFile; fileRef = 56C11D5927186F1800D68952 /* LabelPackComponentData.swift */; };
		56C11D5C27186F4000D68952 /* CustomImageViewComponentContainer.swift in Sources */ = {isa = PBXBuildFile; fileRef = 56C11D5B27186F4000D68952 /* CustomImageViewComponentContainer.swift */; };
		56C11D5E27186F5900D68952 /* CustomImageViewComponentData.swift in Sources */ = {isa = PBXBuildFile; fileRef = 56C11D5D27186F5900D68952 /* CustomImageViewComponentData.swift */; };
		56C11D6027186F7000D68952 /* CustomImageViewComponent.swift in Sources */ = {isa = PBXBuildFile; fileRef = 56C11D5F27186F7000D68952 /* CustomImageViewComponent.swift */; };
		56C11D6227186F8800D68952 /* CustomImageLoadingType.swift in Sources */ = {isa = PBXBuildFile; fileRef = 56C11D6127186F8800D68952 /* CustomImageLoadingType.swift */; };
		56C11D6427186FA100D68952 /* PageViewComponent.swift in Sources */ = {isa = PBXBuildFile; fileRef = 56C11D6327186FA100D68952 /* PageViewComponent.swift */; };
		56C11D6627186FB500D68952 /* PageViewComponentData.swift in Sources */ = {isa = PBXBuildFile; fileRef = 56C11D6527186FB500D68952 /* PageViewComponentData.swift */; };
		56C11D6827186FD900D68952 /* ImageCacheManager.swift in Sources */ = {isa = PBXBuildFile; fileRef = 56C11D6727186FD900D68952 /* ImageCacheManager.swift */; };
		56C11D6A27186FF300D68952 /* ProductListOperationsManager.swift in Sources */ = {isa = PBXBuildFile; fileRef = 56C11D6927186FF300D68952 /* ProductListOperationsManager.swift */; };
		56C11D6C2718701500D68952 /* ProductListOperationsProtocol.swift in Sources */ = {isa = PBXBuildFile; fileRef = 56C11D6B2718701500D68952 /* ProductListOperationsProtocol.swift */; };
		56C11D6E2718709600D68952 /* BaseRequest.swift in Sources */ = {isa = PBXBuildFile; fileRef = 56C11D6D2718709600D68952 /* BaseRequest.swift */; };
		56C11D70271870AE00D68952 /* AppleProductsApiServiceProvider.swift in Sources */ = {isa = PBXBuildFile; fileRef = 56C11D6F271870AE00D68952 /* AppleProductsApiServiceProvider.swift */; };
		56C11D72271870D100D68952 /* AppleProductResponse.swift in Sources */ = {isa = PBXBuildFile; fileRef = 56C11D71271870D100D68952 /* AppleProductResponse.swift */; };
/* End PBXBuildFile section */

/* Begin PBXContainerItemProxy section */
		56C11CE527161A6100D68952 /* PBXContainerItemProxy */ = {
			isa = PBXContainerItemProxy;
			containerPortal = 56C11CC627161A6000D68952 /* Project object */;
			proxyType = 1;
			remoteGlobalIDString = 56C11CCD27161A6000D68952;
			remoteInfo = HW4_EgeSeckin;
		};
		56C11CEF27161A6100D68952 /* PBXContainerItemProxy */ = {
			isa = PBXContainerItemProxy;
			containerPortal = 56C11CC627161A6000D68952 /* Project object */;
			proxyType = 1;
			remoteGlobalIDString = 56C11CCD27161A6000D68952;
			remoteInfo = HW4_EgeSeckin;
		};
/* End PBXContainerItemProxy section */

/* Begin PBXFileReference section */
		56C11CCE27161A6000D68952 /* HW4_EgeSeckin.app */ = {isa = PBXFileReference; explicitFileType = wrapper.application; includeInIndex = 0; path = HW4_EgeSeckin.app; sourceTree = BUILT_PRODUCTS_DIR; };
		56C11CD127161A6000D68952 /* AppDelegate.swift */ = {isa = PBXFileReference; lastKnownFileType = sourcecode.swift; path = AppDelegate.swift; sourceTree = "<group>"; };
		56C11CD327161A6000D68952 /* SceneDelegate.swift */ = {isa = PBXFileReference; lastKnownFileType = sourcecode.swift; path = SceneDelegate.swift; sourceTree = "<group>"; };
		56C11CD527161A6000D68952 /* ViewController.swift */ = {isa = PBXFileReference; lastKnownFileType = sourcecode.swift; path = ViewController.swift; sourceTree = "<group>"; };
		56C11CD827161A6000D68952 /* Base */ = {isa = PBXFileReference; lastKnownFileType = file.storyboard; name = Base; path = Base.lproj/Main.storyboard; sourceTree = "<group>"; };
		56C11CDA27161A6100D68952 /* Assets.xcassets */ = {isa = PBXFileReference; lastKnownFileType = folder.assetcatalog; path = Assets.xcassets; sourceTree = "<group>"; };
		56C11CDD27161A6100D68952 /* Base */ = {isa = PBXFileReference; lastKnownFileType = file.storyboard; name = Base; path = Base.lproj/LaunchScreen.storyboard; sourceTree = "<group>"; };
		56C11CDF27161A6100D68952 /* Info.plist */ = {isa = PBXFileReference; lastKnownFileType = text.plist.xml; path = Info.plist; sourceTree = "<group>"; };
		56C11CE427161A6100D68952 /* HW4_EgeSeckinTests.xctest */ = {isa = PBXFileReference; explicitFileType = wrapper.cfbundle; includeInIndex = 0; path = HW4_EgeSeckinTests.xctest; sourceTree = BUILT_PRODUCTS_DIR; };
		56C11CE827161A6100D68952 /* HW4_EgeSeckinTests.swift */ = {isa = PBXFileReference; lastKnownFileType = sourcecode.swift; path = HW4_EgeSeckinTests.swift; sourceTree = "<group>"; };
		56C11CEE27161A6100D68952 /* HW4_EgeSeckinUITests.xctest */ = {isa = PBXFileReference; explicitFileType = wrapper.cfbundle; includeInIndex = 0; path = HW4_EgeSeckinUITests.xctest; sourceTree = BUILT_PRODUCTS_DIR; };
		56C11CF227161A6100D68952 /* HW4_EgeSeckinUITests.swift */ = {isa = PBXFileReference; lastKnownFileType = sourcecode.swift; path = HW4_EgeSeckinUITests.swift; sourceTree = "<group>"; };
		56C11CF427161A6100D68952 /* HW4_EgeSeckinUITestsLaunchTests.swift */ = {isa = PBXFileReference; lastKnownFileType = sourcecode.swift; path = HW4_EgeSeckinUITestsLaunchTests.swift; sourceTree = "<group>"; };
		56C11D2327186BC600D68952 /* MainViewModel.swift */ = {isa = PBXFileReference; lastKnownFileType = sourcecode.swift; path = MainViewModel.swift; sourceTree = "<group>"; };
		56C11D2527186BE100D68952 /* MainViewController.swift */ = {isa = PBXFileReference; lastKnownFileType = sourcecode.swift; path = MainViewController.swift; sourceTree = "<group>"; };
		56C11D2727186C0200D68952 /* MainViewBuilder.swift */ = {isa = PBXFileReference; lastKnownFileType = sourcecode.swift; path = MainViewBuilder.swift; sourceTree = "<group>"; };
		56C11D2927186C2200D68952 /* ProductListViewController.swift */ = {isa = PBXFileReference; lastKnownFileType = sourcecode.swift; path = ProductListViewController.swift; sourceTree = "<group>"; };
		56C11D2B27186C5400D68952 /* ProductListViewBuilder.swift */ = {isa = PBXFileReference; lastKnownFileType = sourcecode.swift; path = ProductListViewBuilder.swift; sourceTree = "<group>"; };
		56C11D2D27186C7A00D68952 /* ProductListViewModel.swift */ = {isa = PBXFileReference; lastKnownFileType = sourcecode.swift; path = ProductListViewModel.swift; sourceTree = "<group>"; };
		56C11D2F27186CAA00D68952 /* ProductListViewState.swift */ = {isa = PBXFileReference; lastKnownFileType = sourcecode.swift; path = ProductListViewState.swift; sourceTree = "<group>"; };
		56C11D3127186CC900D68952 /* ProductListDataFormatter.swift */ = {isa = PBXFileReference; lastKnownFileType = sourcecode.swift; path = ProductListDataFormatter.swift; sourceTree = "<group>"; };
		56C11D3327186CE600D68952 /* ProductListDataFormatterProtocol.swift */ = {isa = PBXFileReference; lastKnownFileType = sourcecode.swift; path = ProductListDataFormatterProtocol.swift; sourceTree = "<group>"; };
		56C11D3527186D0C00D68952 /* GenericImageContainer.swift */ = {isa = PBXFileReference; lastKnownFileType = sourcecode.swift; path = GenericImageContainer.swift; sourceTree = "<group>"; };
		56C11D3727186D3000D68952 /* GenericImageContainerViewModel.swift */ = {isa = PBXFileReference; lastKnownFileType = sourcecode.swift; path = GenericImageContainerViewModel.swift; sourceTree = "<group>"; };
		56C11D3927186D5600D68952 /* GenericImageContainerViewBuilder.swift */ = {isa = PBXFileReference; lastKnownFileType = sourcecode.swift; path = GenericImageContainerViewBuilder.swift; sourceTree = "<group>"; };
		56C11D3B27186D7400D68952 /* PageViewDataProtocol.swift */ = {isa = PBXFileReference; lastKnownFileType = sourcecode.swift; path = PageViewDataProtocol.swift; sourceTree = "<group>"; };
		56C11D3D27186D9300D68952 /* GenericContainerData.swift */ = {isa = PBXFileReference; lastKnownFileType = sourcecode.swift; path = GenericContainerData.swift; sourceTree = "<group>"; };
		56C11D3F27186DAA00D68952 /* GenericValueProtocol.swift */ = {isa = PBXFileReference; lastKnownFileType = sourcecode.swift; path = GenericValueProtocol.swift; sourceTree = "<group>"; };
		56C11D4127186DC500D68952 /* BaseViewController.swift */ = {isa = PBXFileReference; lastKnownFileType = sourcecode.swift; path = BaseViewController.swift; sourceTree = "<group>"; };
		56C11D4327186DDC00D68952 /* GenericBaseView.swift */ = {isa = PBXFileReference; lastKnownFileType = sourcecode.swift; path = GenericBaseView.swift; sourceTree = "<group>"; };
		56C11D4527186DEF00D68952 /* BaseView.swift */ = {isa = PBXFileReference; lastKnownFileType = sourcecode.swift; path = BaseView.swift; sourceTree = "<group>"; };
		56C11D4727186E0400D68952 /* GenericDataProtocol.swift */ = {isa = PBXFileReference; lastKnownFileType = sourcecode.swift; path = GenericDataProtocol.swift; sourceTree = "<group>"; };
		56C11D4927186E1A00D68952 /* BaseTableViewCell.swift */ = {isa = PBXFileReference; lastKnownFileType = sourcecode.swift; path = BaseTableViewCell.swift; sourceTree = "<group>"; };
		56C11D4B27186E3400D68952 /* FontManager.swift */ = {isa = PBXFileReference; lastKnownFileType = sourcecode.swift; path = FontManager.swift; sourceTree = "<group>"; };
		56C11D4D27186E5D00D68952 /* ItemListView.swift */ = {isa = PBXFileReference; lastKnownFileType = sourcecode.swift; path = ItemListView.swift; sourceTree = "<group>"; };
		56C11D4F27186E7C00D68952 /* ItemListProtocol.swift */ = {isa = PBXFileReference; lastKnownFileType = sourcecode.swift; path = ItemListProtocol.swift; sourceTree = "<group>"; };
		56C11D5127186E9900D68952 /* ItemTableViewCell.swift */ = {isa = PBXFileReference; lastKnownFileType = sourcecode.swift; path = ItemTableViewCell.swift; sourceTree = "<group>"; };
		56C11D5327186EC000D68952 /* ItemTableViewCellData.swift */ = {isa = PBXFileReference; lastKnownFileType = sourcecode.swift; path = ItemTableViewCellData.swift; sourceTree = "<group>"; };
		56C11D5527186EE800D68952 /* LabelDistributionData.swift */ = {isa = PBXFileReference; lastKnownFileType = sourcecode.swift; path = LabelDistributionData.swift; sourceTree = "<group>"; };
		56C11D5727186EFE00D68952 /* LabelPackComponent.swift */ = {isa = PBXFileReference; lastKnownFileType = sourcecode.swift; path = LabelPackComponent.swift; sourceTree = "<group>"; };
		56C11D5927186F1800D68952 /* LabelPackComponentData.swift */ = {isa = PBXFileReference; lastKnownFileType = sourcecode.swift; path = LabelPackComponentData.swift; sourceTree = "<group>"; };
		56C11D5B27186F4000D68952 /* CustomImageViewComponentContainer.swift */ = {isa = PBXFileReference; lastKnownFileType = sourcecode.swift; path = CustomImageViewComponentContainer.swift; sourceTree = "<group>"; };
		56C11D5D27186F5900D68952 /* CustomImageViewComponentData.swift */ = {isa = PBXFileReference; lastKnownFileType = sourcecode.swift; path = CustomImageViewComponentData.swift; sourceTree = "<group>"; };
		56C11D5F27186F7000D68952 /* CustomImageViewComponent.swift */ = {isa = PBXFileReference; lastKnownFileType = sourcecode.swift; path = CustomImageViewComponent.swift; sourceTree = "<group>"; };
		56C11D6127186F8800D68952 /* CustomImageLoadingType.swift */ = {isa = PBXFileReference; lastKnownFileType = sourcecode.swift; path = CustomImageLoadingType.swift; sourceTree = "<group>"; };
		56C11D6327186FA100D68952 /* PageViewComponent.swift */ = {isa = PBXFileReference; lastKnownFileType = sourcecode.swift; path = PageViewComponent.swift; sourceTree = "<group>"; };
		56C11D6527186FB500D68952 /* PageViewComponentData.swift */ = {isa = PBXFileReference; lastKnownFileType = sourcecode.swift; path = PageViewComponentData.swift; sourceTree = "<group>"; };
		56C11D6727186FD900D68952 /* ImageCacheManager.swift */ = {isa = PBXFileReference; lastKnownFileType = sourcecode.swift; path = ImageCacheManager.swift; sourceTree = "<group>"; };
		56C11D6927186FF300D68952 /* ProductListOperationsManager.swift */ = {isa = PBXFileReference; lastKnownFileType = sourcecode.swift; path = ProductListOperationsManager.swift; sourceTree = "<group>"; };
		56C11D6B2718701500D68952 /* ProductListOperationsProtocol.swift */ = {isa = PBXFileReference; lastKnownFileType = sourcecode.swift; path = ProductListOperationsProtocol.swift; sourceTree = "<group>"; };
		56C11D6D2718709600D68952 /* BaseRequest.swift */ = {isa = PBXFileReference; lastKnownFileType = sourcecode.swift; path = BaseRequest.swift; sourceTree = "<group>"; };
		56C11D6F271870AE00D68952 /* AppleProductsApiServiceProvider.swift */ = {isa = PBXFileReference; lastKnownFileType = sourcecode.swift; path = AppleProductsApiServiceProvider.swift; sourceTree = "<group>"; };
		56C11D71271870D100D68952 /* AppleProductResponse.swift */ = {isa = PBXFileReference; lastKnownFileType = sourcecode.swift; path = AppleProductResponse.swift; sourceTree = "<group>"; };
		56C11D7E2718729E00D68952 /* HW4_EgeSeckin.entitlements */ = {isa = PBXFileReference; lastKnownFileType = text.plist.entitlements; path = HW4_EgeSeckin.entitlements; sourceTree = "<group>"; };
/* End PBXFileReference section */

/* Begin PBXFrameworksBuildPhase section */
		56C11CCB27161A6000D68952 /* Frameworks */ = {
			isa = PBXFrameworksBuildPhase;
			buildActionMask = 2147483647;
			files = (
				562E8D142718730900AF73DC /* RxCocoa in Frameworks */,
				56C11D0327161D1A00D68952 /* DefaultNetworkOperationPackage in Frameworks */,
				562E8D182718730900AF73DC /* RxSwift in Frameworks */,
				562E8D162718730900AF73DC /* RxRelay in Frameworks */,
				562E8D122718730900AF73DC /* RxBlocking in Frameworks */,
			);
			runOnlyForDeploymentPostprocessing = 0;
		};
		56C11CE127161A6100D68952 /* Frameworks */ = {
			isa = PBXFrameworksBuildPhase;
			buildActionMask = 2147483647;
			files = (
			);
			runOnlyForDeploymentPostprocessing = 0;
		};
		56C11CEB27161A6100D68952 /* Frameworks */ = {
			isa = PBXFrameworksBuildPhase;
			buildActionMask = 2147483647;
			files = (
			);
			runOnlyForDeploymentPostprocessing = 0;
		};
/* End PBXFrameworksBuildPhase section */

/* Begin PBXGroup section */
		56C11CC527161A6000D68952 = {
			isa = PBXGroup;
			children = (
				56C11CD027161A6000D68952 /* HW4_EgeSeckin */,
				56C11CE727161A6100D68952 /* HW4_EgeSeckinTests */,
				56C11CF127161A6100D68952 /* HW4_EgeSeckinUITests */,
				56C11CCF27161A6000D68952 /* Products */,
			);
			sourceTree = "<group>";
		};
		56C11CCF27161A6000D68952 /* Products */ = {
			isa = PBXGroup;
			children = (
				56C11CCE27161A6000D68952 /* HW4_EgeSeckin.app */,
				56C11CE427161A6100D68952 /* HW4_EgeSeckinTests.xctest */,
				56C11CEE27161A6100D68952 /* HW4_EgeSeckinUITests.xctest */,
			);
			name = Products;
			sourceTree = "<group>";
		};
		56C11CD027161A6000D68952 /* HW4_EgeSeckin */ = {
			isa = PBXGroup;
			children = (
				56C11D7E2718729E00D68952 /* HW4_EgeSeckin.entitlements */,
				56C11D1127186A5F00D68952 /* Models */,
				56C11D1327186A8100D68952 /* Manager */,
				56C11D1627186ACC00D68952 /* Components */,
				56C11D1C27186B3400D68952 /* Utilities */,
				56C11D2227186B8B00D68952 /* BaseComponents */,
				56C11D1E27186B4E00D68952 /* SceneModules */,
				56C11CD127161A6000D68952 /* AppDelegate.swift */,
				56C11CD327161A6000D68952 /* SceneDelegate.swift */,
				56C11CD527161A6000D68952 /* ViewController.swift */,
				56C11CD727161A6000D68952 /* Main.storyboard */,
				56C11CDA27161A6100D68952 /* Assets.xcassets */,
				56C11CDC27161A6100D68952 /* LaunchScreen.storyboard */,
				56C11CDF27161A6100D68952 /* Info.plist */,
			);
			path = HW4_EgeSeckin;
			sourceTree = "<group>";
		};
		56C11CE727161A6100D68952 /* HW4_EgeSeckinTests */ = {
			isa = PBXGroup;
			children = (
				56C11CE827161A6100D68952 /* HW4_EgeSeckinTests.swift */,
			);
			path = HW4_EgeSeckinTests;
			sourceTree = "<group>";
		};
		56C11CF127161A6100D68952 /* HW4_EgeSeckinUITests */ = {
			isa = PBXGroup;
			children = (
				56C11CF227161A6100D68952 /* HW4_EgeSeckinUITests.swift */,
				56C11CF427161A6100D68952 /* HW4_EgeSeckinUITestsLaunchTests.swift */,
			);
			path = HW4_EgeSeckinUITests;
			sourceTree = "<group>";
		};
		56C11D1127186A5F00D68952 /* Models */ = {
			isa = PBXGroup;
			children = (
				56C11D1227186A6500D68952 /* AppleSample */,
			);
			path = Models;
			sourceTree = "<group>";
		};
		56C11D1227186A6500D68952 /* AppleSample */ = {
			isa = PBXGroup;
			children = (
				56C11D6D2718709600D68952 /* BaseRequest.swift */,
				56C11D6F271870AE00D68952 /* AppleProductsApiServiceProvider.swift */,
				56C11D71271870D100D68952 /* AppleProductResponse.swift */,
			);
			path = AppleSample;
			sourceTree = "<group>";
		};
		56C11D1327186A8100D68952 /* Manager */ = {
			isa = PBXGroup;
			children = (
				56C11D1427186A8700D68952 /* ProductListOperationsManager */,
				56C11D1527186AA100D68952 /* CacheManagers */,
			);
			path = Manager;
			sourceTree = "<group>";
		};
		56C11D1427186A8700D68952 /* ProductListOperationsManager */ = {
			isa = PBXGroup;
			children = (
				56C11D6927186FF300D68952 /* ProductListOperationsManager.swift */,
				56C11D6B2718701500D68952 /* ProductListOperationsProtocol.swift */,
			);
			path = ProductListOperationsManager;
			sourceTree = "<group>";
		};
		56C11D1527186AA100D68952 /* CacheManagers */ = {
			isa = PBXGroup;
			children = (
				56C11D6727186FD900D68952 /* ImageCacheManager.swift */,
			);
			path = CacheManagers;
			sourceTree = "<group>";
		};
		56C11D1627186ACC00D68952 /* Components */ = {
			isa = PBXGroup;
			children = (
				56C11D1727186AD100D68952 /* PageViewComponent */,
				56C11D1827186AE000D68952 /* CustomImageViewComponent */,
				56C11D1927186AF900D68952 /* LabelPackComponent */,
				56C11D1A27186B0600D68952 /* ItemComponents */,
				56C11D1B27186B1400D68952 /* ItemListViewComponents */,
			);
			path = Components;
			sourceTree = "<group>";
		};
		56C11D1727186AD100D68952 /* PageViewComponent */ = {
			isa = PBXGroup;
			children = (
				56C11D6327186FA100D68952 /* PageViewComponent.swift */,
				56C11D6527186FB500D68952 /* PageViewComponentData.swift */,
			);
			path = PageViewComponent;
			sourceTree = "<group>";
		};
		56C11D1827186AE000D68952 /* CustomImageViewComponent */ = {
			isa = PBXGroup;
			children = (
				56C11D5B27186F4000D68952 /* CustomImageViewComponentContainer.swift */,
				56C11D5D27186F5900D68952 /* CustomImageViewComponentData.swift */,
				56C11D5F27186F7000D68952 /* CustomImageViewComponent.swift */,
				56C11D6127186F8800D68952 /* CustomImageLoadingType.swift */,
			);
			path = CustomImageViewComponent;
			sourceTree = "<group>";
		};
		56C11D1927186AF900D68952 /* LabelPackComponent */ = {
			isa = PBXGroup;
			children = (
				56C11D5527186EE800D68952 /* LabelDistributionData.swift */,
				56C11D5727186EFE00D68952 /* LabelPackComponent.swift */,
				56C11D5927186F1800D68952 /* LabelPackComponentData.swift */,
			);
			path = LabelPackComponent;
			sourceTree = "<group>";
		};
		56C11D1A27186B0600D68952 /* ItemComponents */ = {
			isa = PBXGroup;
			children = (
				56C11D5127186E9900D68952 /* ItemTableViewCell.swift */,
				56C11D5327186EC000D68952 /* ItemTableViewCellData.swift */,
			);
			path = ItemComponents;
			sourceTree = "<group>";
		};
		56C11D1B27186B1400D68952 /* ItemListViewComponents */ = {
			isa = PBXGroup;
			children = (
				56C11D4D27186E5D00D68952 /* ItemListView.swift */,
				56C11D4F27186E7C00D68952 /* ItemListProtocol.swift */,
			);
			path = ItemListViewComponents;
			sourceTree = "<group>";
		};
		56C11D1C27186B3400D68952 /* Utilities */ = {
			isa = PBXGroup;
			children = (
				56C11D1D27186B4000D68952 /* FontManagers */,
			);
			path = Utilities;
			sourceTree = "<group>";
		};
		56C11D1D27186B4000D68952 /* FontManagers */ = {
			isa = PBXGroup;
			children = (
				56C11D4B27186E3400D68952 /* FontManager.swift */,
			);
			path = FontManagers;
			sourceTree = "<group>";
		};
		56C11D1E27186B4E00D68952 /* SceneModules */ = {
			isa = PBXGroup;
			children = (
				56C11D1F27186B6400D68952 /* GenericImageContainer */,
				56C11D2027186B6F00D68952 /* ProductList */,
				56C11D2127186B7E00D68952 /* Main */,
			);
			path = SceneModules;
			sourceTree = "<group>";
		};
		56C11D1F27186B6400D68952 /* GenericImageContainer */ = {
			isa = PBXGroup;
			children = (
				56C11D3527186D0C00D68952 /* GenericImageContainer.swift */,
				56C11D3727186D3000D68952 /* GenericImageContainerViewModel.swift */,
				56C11D3927186D5600D68952 /* GenericImageContainerViewBuilder.swift */,
				56C11D3B27186D7400D68952 /* PageViewDataProtocol.swift */,
				56C11D3D27186D9300D68952 /* GenericContainerData.swift */,
			);
			path = GenericImageContainer;
			sourceTree = "<group>";
		};
		56C11D2027186B6F00D68952 /* ProductList */ = {
			isa = PBXGroup;
			children = (
				56C11D2927186C2200D68952 /* ProductListViewController.swift */,
				56C11D2B27186C5400D68952 /* ProductListViewBuilder.swift */,
				56C11D2D27186C7A00D68952 /* ProductListViewModel.swift */,
				56C11D2F27186CAA00D68952 /* ProductListViewState.swift */,
				56C11D3127186CC900D68952 /* ProductListDataFormatter.swift */,
				56C11D3327186CE600D68952 /* ProductListDataFormatterProtocol.swift */,
			);
			path = ProductList;
			sourceTree = "<group>";
		};
		56C11D2127186B7E00D68952 /* Main */ = {
			isa = PBXGroup;
			children = (
				56C11D2327186BC600D68952 /* MainViewModel.swift */,
				56C11D2527186BE100D68952 /* MainViewController.swift */,
				56C11D2727186C0200D68952 /* MainViewBuilder.swift */,
			);
			path = Main;
			sourceTree = "<group>";
		};
		56C11D2227186B8B00D68952 /* BaseComponents */ = {
			isa = PBXGroup;
			children = (
				56C11D3F27186DAA00D68952 /* GenericValueProtocol.swift */,
				56C11D4127186DC500D68952 /* BaseViewController.swift */,
				56C11D4327186DDC00D68952 /* GenericBaseView.swift */,
				56C11D4527186DEF00D68952 /* BaseView.swift */,
				56C11D4727186E0400D68952 /* GenericDataProtocol.swift */,
				56C11D4927186E1A00D68952 /* BaseTableViewCell.swift */,
			);
			path = BaseComponents;
			sourceTree = "<group>";
		};
/* End PBXGroup section */

/* Begin PBXNativeTarget section */
		56C11CCD27161A6000D68952 /* HW4_EgeSeckin */ = {
			isa = PBXNativeTarget;
			buildConfigurationList = 56C11CF827161A6100D68952 /* Build configuration list for PBXNativeTarget "HW4_EgeSeckin" */;
			buildPhases = (
				56C11CCA27161A6000D68952 /* Sources */,
				56C11CCB27161A6000D68952 /* Frameworks */,
				56C11CCC27161A6000D68952 /* Resources */,
			);
			buildRules = (
			);
			dependencies = (
			);
			name = HW4_EgeSeckin;
			packageProductDependencies = (
				56C11D0227161D1A00D68952 /* DefaultNetworkOperationPackage */,
				562E8D112718730900AF73DC /* RxBlocking */,
				562E8D132718730900AF73DC /* RxCocoa */,
				562E8D152718730900AF73DC /* RxRelay */,
				562E8D172718730900AF73DC /* RxSwift */,
			);
			productName = HW4_EgeSeckin;
			productReference = 56C11CCE27161A6000D68952 /* HW4_EgeSeckin.app */;
			productType = "com.apple.product-type.application";
		};
		56C11CE327161A6100D68952 /* HW4_EgeSeckinTests */ = {
			isa = PBXNativeTarget;
			buildConfigurationList = 56C11CFB27161A6100D68952 /* Build configuration list for PBXNativeTarget "HW4_EgeSeckinTests" */;
			buildPhases = (
				56C11CE027161A6100D68952 /* Sources */,
				56C11CE127161A6100D68952 /* Frameworks */,
				56C11CE227161A6100D68952 /* Resources */,
			);
			buildRules = (
			);
			dependencies = (
				56C11CE627161A6100D68952 /* PBXTargetDependency */,
			);
			name = HW4_EgeSeckinTests;
			productName = HW4_EgeSeckinTests;
			productReference = 56C11CE427161A6100D68952 /* HW4_EgeSeckinTests.xctest */;
			productType = "com.apple.product-type.bundle.unit-test";
		};
		56C11CED27161A6100D68952 /* HW4_EgeSeckinUITests */ = {
			isa = PBXNativeTarget;
			buildConfigurationList = 56C11CFE27161A6100D68952 /* Build configuration list for PBXNativeTarget "HW4_EgeSeckinUITests" */;
			buildPhases = (
				56C11CEA27161A6100D68952 /* Sources */,
				56C11CEB27161A6100D68952 /* Frameworks */,
				56C11CEC27161A6100D68952 /* Resources */,
			);
			buildRules = (
			);
			dependencies = (
				56C11CF027161A6100D68952 /* PBXTargetDependency */,
			);
			name = HW4_EgeSeckinUITests;
			productName = HW4_EgeSeckinUITests;
			productReference = 56C11CEE27161A6100D68952 /* HW4_EgeSeckinUITests.xctest */;
			productType = "com.apple.product-type.bundle.ui-testing";
		};
/* End PBXNativeTarget section */

/* Begin PBXProject section */
		56C11CC627161A6000D68952 /* Project object */ = {
			isa = PBXProject;
			attributes = {
				BuildIndependentTargetsInParallel = 1;
				LastSwiftUpdateCheck = 1300;
				LastUpgradeCheck = 1300;
				TargetAttributes = {
					56C11CCD27161A6000D68952 = {
						CreatedOnToolsVersion = 13.0;
					};
					56C11CE327161A6100D68952 = {
						CreatedOnToolsVersion = 13.0;
						TestTargetID = 56C11CCD27161A6000D68952;
					};
					56C11CED27161A6100D68952 = {
						CreatedOnToolsVersion = 13.0;
						TestTargetID = 56C11CCD27161A6000D68952;
					};
				};
			};
			buildConfigurationList = 56C11CC927161A6000D68952 /* Build configuration list for PBXProject "HW4_EgeSeckin" */;
			compatibilityVersion = "Xcode 13.0";
			developmentRegion = en;
			hasScannedForEncodings = 0;
			knownRegions = (
				en,
				Base,
			);
			mainGroup = 56C11CC527161A6000D68952;
			packageReferences = (
				56C11D0127161D1A00D68952 /* XCRemoteSwiftPackageReference "DefaultNetworkOperationPackage" */,
				562E8D102718730900AF73DC /* XCRemoteSwiftPackageReference "RxSwift" */,
			);
			productRefGroup = 56C11CCF27161A6000D68952 /* Products */;
			projectDirPath = "";
			projectRoot = "";
			targets = (
				56C11CCD27161A6000D68952 /* HW4_EgeSeckin */,
				56C11CE327161A6100D68952 /* HW4_EgeSeckinTests */,
				56C11CED27161A6100D68952 /* HW4_EgeSeckinUITests */,
			);
		};
/* End PBXProject section */

/* Begin PBXResourcesBuildPhase section */
		56C11CCC27161A6000D68952 /* Resources */ = {
			isa = PBXResourcesBuildPhase;
			buildActionMask = 2147483647;
			files = (
				56C11CDE27161A6100D68952 /* LaunchScreen.storyboard in Resources */,
				56C11CDB27161A6100D68952 /* Assets.xcassets in Resources */,
				56C11CD927161A6000D68952 /* Main.storyboard in Resources */,
			);
			runOnlyForDeploymentPostprocessing = 0;
		};
		56C11CE227161A6100D68952 /* Resources */ = {
			isa = PBXResourcesBuildPhase;
			buildActionMask = 2147483647;
			files = (
			);
			runOnlyForDeploymentPostprocessing = 0;
		};
		56C11CEC27161A6100D68952 /* Resources */ = {
			isa = PBXResourcesBuildPhase;
			buildActionMask = 2147483647;
			files = (
			);
			runOnlyForDeploymentPostprocessing = 0;
		};
/* End PBXResourcesBuildPhase section */

/* Begin PBXSourcesBuildPhase section */
		56C11CCA27161A6000D68952 /* Sources */ = {
			isa = PBXSourcesBuildPhase;
			buildActionMask = 2147483647;
			files = (
				56C11D3427186CE600D68952 /* ProductListDataFormatterProtocol.swift in Sources */,
				56C11D5227186E9900D68952 /* ItemTableViewCell.swift in Sources */,
				56C11D72271870D100D68952 /* AppleProductResponse.swift in Sources */,
				56C11D4827186E0400D68952 /* GenericDataProtocol.swift in Sources */,
				56C11CD627161A6000D68952 /* ViewController.swift in Sources */,
				56C11CD227161A6000D68952 /* AppDelegate.swift in Sources */,
				56C11D4427186DDC00D68952 /* GenericBaseView.swift in Sources */,
				56C11D3227186CC900D68952 /* ProductListDataFormatter.swift in Sources */,
				56C11D6027186F7000D68952 /* CustomImageViewComponent.swift in Sources */,
				56C11D4227186DC500D68952 /* BaseViewController.swift in Sources */,
				56C11CD427161A6000D68952 /* SceneDelegate.swift in Sources */,
				56C11D3627186D0C00D68952 /* GenericImageContainer.swift in Sources */,
				56C11D5427186EC000D68952 /* ItemTableViewCellData.swift in Sources */,
				56C11D3A27186D5600D68952 /* GenericImageContainerViewBuilder.swift in Sources */,
				56C11D3E27186D9300D68952 /* GenericContainerData.swift in Sources */,
				56C11D70271870AE00D68952 /* AppleProductsApiServiceProvider.swift in Sources */,
				56C11D6E2718709600D68952 /* BaseRequest.swift in Sources */,
				56C11D6827186FD900D68952 /* ImageCacheManager.swift in Sources */,
				56C11D2427186BC600D68952 /* MainViewModel.swift in Sources */,
				56C11D5027186E7C00D68952 /* ItemListProtocol.swift in Sources */,
				56C11D3027186CAA00D68952 /* ProductListViewState.swift in Sources */,
				56C11D3C27186D7400D68952 /* PageViewDataProtocol.swift in Sources */,
				56C11D5C27186F4000D68952 /* CustomImageViewComponentContainer.swift in Sources */,
				56C11D5E27186F5900D68952 /* CustomImageViewComponentData.swift in Sources */,
				56C11D4027186DAA00D68952 /* GenericValueProtocol.swift in Sources */,
				56C11D5A27186F1800D68952 /* LabelPackComponentData.swift in Sources */,
				56C11D6A27186FF300D68952 /* ProductListOperationsManager.swift in Sources */,
				56C11D4E27186E5D00D68952 /* ItemListView.swift in Sources */,
				56C11D2E27186C7A00D68952 /* ProductListViewModel.swift in Sources */,
				56C11D2C27186C5400D68952 /* ProductListViewBuilder.swift in Sources */,
				56C11D5827186EFE00D68952 /* LabelPackComponent.swift in Sources */,
				56C11D3827186D3000D68952 /* GenericImageContainerViewModel.swift in Sources */,
				56C11D2A27186C2200D68952 /* ProductListViewController.swift in Sources */,
				56C11D4627186DEF00D68952 /* BaseView.swift in Sources */,
				56C11D6C2718701500D68952 /* ProductListOperationsProtocol.swift in Sources */,
				56C11D4A27186E1A00D68952 /* BaseTableViewCell.swift in Sources */,
				56C11D6227186F8800D68952 /* CustomImageLoadingType.swift in Sources */,
				56C11D6627186FB500D68952 /* PageViewComponentData.swift in Sources */,
				56C11D2627186BE100D68952 /* MainViewController.swift in Sources */,
				56C11D5627186EE800D68952 /* LabelDistributionData.swift in Sources */,
				56C11D6427186FA100D68952 /* PageViewComponent.swift in Sources */,
				56C11D4C27186E3400D68952 /* FontManager.swift in Sources */,
				56C11D2827186C0200D68952 /* MainViewBuilder.swift in Sources */,
			);
			runOnlyForDeploymentPostprocessing = 0;
		};
		56C11CE027161A6100D68952 /* Sources */ = {
			isa = PBXSourcesBuildPhase;
			buildActionMask = 2147483647;
			files = (
				56C11CE927161A6100D68952 /* HW4_EgeSeckinTests.swift in Sources */,
			);
			runOnlyForDeploymentPostprocessing = 0;
		};
		56C11CEA27161A6100D68952 /* Sources */ = {
			isa = PBXSourcesBuildPhase;
			buildActionMask = 2147483647;
			files = (
				56C11CF327161A6100D68952 /* HW4_EgeSeckinUITests.swift in Sources */,
				56C11CF527161A6100D68952 /* HW4_EgeSeckinUITestsLaunchTests.swift in Sources */,
			);
			runOnlyForDeploymentPostprocessing = 0;
		};
/* End PBXSourcesBuildPhase section */

/* Begin PBXTargetDependency section */
		56C11CE627161A6100D68952 /* PBXTargetDependency */ = {
			isa = PBXTargetDependency;
			target = 56C11CCD27161A6000D68952 /* HW4_EgeSeckin */;
			targetProxy = 56C11CE527161A6100D68952 /* PBXContainerItemProxy */;
		};
		56C11CF027161A6100D68952 /* PBXTargetDependency */ = {
			isa = PBXTargetDependency;
			target = 56C11CCD27161A6000D68952 /* HW4_EgeSeckin */;
			targetProxy = 56C11CEF27161A6100D68952 /* PBXContainerItemProxy */;
		};
/* End PBXTargetDependency section */

/* Begin PBXVariantGroup section */
		56C11CD727161A6000D68952 /* Main.storyboard */ = {
			isa = PBXVariantGroup;
			children = (
				56C11CD827161A6000D68952 /* Base */,
			);
			name = Main.storyboard;
			sourceTree = "<group>";
		};
		56C11CDC27161A6100D68952 /* LaunchScreen.storyboard */ = {
			isa = PBXVariantGroup;
			children = (
				56C11CDD27161A6100D68952 /* Base */,
			);
			name = LaunchScreen.storyboard;
			sourceTree = "<group>";
		};
/* End PBXVariantGroup section */

/* Begin XCBuildConfiguration section */
		56C11CF627161A6100D68952 /* Debug */ = {
			isa = XCBuildConfiguration;
			buildSettings = {
				ALWAYS_SEARCH_USER_PATHS = NO;
				CLANG_ANALYZER_NONNULL = YES;
				CLANG_ANALYZER_NUMBER_OBJECT_CONVERSION = YES_AGGRESSIVE;
				CLANG_CXX_LANGUAGE_STANDARD = "gnu++17";
				CLANG_CXX_LIBRARY = "libc++";
				CLANG_ENABLE_MODULES = YES;
				CLANG_ENABLE_OBJC_ARC = YES;
				CLANG_ENABLE_OBJC_WEAK = YES;
				CLANG_WARN_BLOCK_CAPTURE_AUTORELEASING = YES;
				CLANG_WARN_BOOL_CONVERSION = YES;
				CLANG_WARN_COMMA = YES;
				CLANG_WARN_CONSTANT_CONVERSION = YES;
				CLANG_WARN_DEPRECATED_OBJC_IMPLEMENTATIONS = YES;
				CLANG_WARN_DIRECT_OBJC_ISA_USAGE = YES_ERROR;
				CLANG_WARN_DOCUMENTATION_COMMENTS = YES;
				CLANG_WARN_EMPTY_BODY = YES;
				CLANG_WARN_ENUM_CONVERSION = YES;
				CLANG_WARN_INFINITE_RECURSION = YES;
				CLANG_WARN_INT_CONVERSION = YES;
				CLANG_WARN_NON_LITERAL_NULL_CONVERSION = YES;
				CLANG_WARN_OBJC_IMPLICIT_RETAIN_SELF = YES;
				CLANG_WARN_OBJC_LITERAL_CONVERSION = YES;
				CLANG_WARN_OBJC_ROOT_CLASS = YES_ERROR;
				CLANG_WARN_QUOTED_INCLUDE_IN_FRAMEWORK_HEADER = YES;
				CLANG_WARN_RANGE_LOOP_ANALYSIS = YES;
				CLANG_WARN_STRICT_PROTOTYPES = YES;
				CLANG_WARN_SUSPICIOUS_MOVE = YES;
				CLANG_WARN_UNGUARDED_AVAILABILITY = YES_AGGRESSIVE;
				CLANG_WARN_UNREACHABLE_CODE = YES;
				CLANG_WARN__DUPLICATE_METHOD_MATCH = YES;
				COPY_PHASE_STRIP = NO;
				DEBUG_INFORMATION_FORMAT = dwarf;
				ENABLE_STRICT_OBJC_MSGSEND = YES;
				ENABLE_TESTABILITY = YES;
				GCC_C_LANGUAGE_STANDARD = gnu11;
				GCC_DYNAMIC_NO_PIC = NO;
				GCC_NO_COMMON_BLOCKS = YES;
				GCC_OPTIMIZATION_LEVEL = 0;
				GCC_PREPROCESSOR_DEFINITIONS = (
					"DEBUG=1",
					"$(inherited)",
				);
				GCC_WARN_64_TO_32_BIT_CONVERSION = YES;
				GCC_WARN_ABOUT_RETURN_TYPE = YES_ERROR;
				GCC_WARN_UNDECLARED_SELECTOR = YES;
				GCC_WARN_UNINITIALIZED_AUTOS = YES_AGGRESSIVE;
				GCC_WARN_UNUSED_FUNCTION = YES;
				GCC_WARN_UNUSED_VARIABLE = YES;
				IPHONEOS_DEPLOYMENT_TARGET = 15.0;
				MTL_ENABLE_DEBUG_INFO = INCLUDE_SOURCE;
				MTL_FAST_MATH = YES;
				ONLY_ACTIVE_ARCH = YES;
				SDKROOT = iphoneos;
				SWIFT_ACTIVE_COMPILATION_CONDITIONS = DEBUG;
				SWIFT_OPTIMIZATION_LEVEL = "-Onone";
			};
			name = Debug;
		};
		56C11CF727161A6100D68952 /* Release */ = {
			isa = XCBuildConfiguration;
			buildSettings = {
				ALWAYS_SEARCH_USER_PATHS = NO;
				CLANG_ANALYZER_NONNULL = YES;
				CLANG_ANALYZER_NUMBER_OBJECT_CONVERSION = YES_AGGRESSIVE;
				CLANG_CXX_LANGUAGE_STANDARD = "gnu++17";
				CLANG_CXX_LIBRARY = "libc++";
				CLANG_ENABLE_MODULES = YES;
				CLANG_ENABLE_OBJC_ARC = YES;
				CLANG_ENABLE_OBJC_WEAK = YES;
				CLANG_WARN_BLOCK_CAPTURE_AUTORELEASING = YES;
				CLANG_WARN_BOOL_CONVERSION = YES;
				CLANG_WARN_COMMA = YES;
				CLANG_WARN_CONSTANT_CONVERSION = YES;
				CLANG_WARN_DEPRECATED_OBJC_IMPLEMENTATIONS = YES;
				CLANG_WARN_DIRECT_OBJC_ISA_USAGE = YES_ERROR;
				CLANG_WARN_DOCUMENTATION_COMMENTS = YES;
				CLANG_WARN_EMPTY_BODY = YES;
				CLANG_WARN_ENUM_CONVERSION = YES;
				CLANG_WARN_INFINITE_RECURSION = YES;
				CLANG_WARN_INT_CONVERSION = YES;
				CLANG_WARN_NON_LITERAL_NULL_CONVERSION = YES;
				CLANG_WARN_OBJC_IMPLICIT_RETAIN_SELF = YES;
				CLANG_WARN_OBJC_LITERAL_CONVERSION = YES;
				CLANG_WARN_OBJC_ROOT_CLASS = YES_ERROR;
				CLANG_WARN_QUOTED_INCLUDE_IN_FRAMEWORK_HEADER = YES;
				CLANG_WARN_RANGE_LOOP_ANALYSIS = YES;
				CLANG_WARN_STRICT_PROTOTYPES = YES;
				CLANG_WARN_SUSPICIOUS_MOVE = YES;
				CLANG_WARN_UNGUARDED_AVAILABILITY = YES_AGGRESSIVE;
				CLANG_WARN_UNREACHABLE_CODE = YES;
				CLANG_WARN__DUPLICATE_METHOD_MATCH = YES;
				COPY_PHASE_STRIP = NO;
				DEBUG_INFORMATION_FORMAT = "dwarf-with-dsym";
				ENABLE_NS_ASSERTIONS = NO;
				ENABLE_STRICT_OBJC_MSGSEND = YES;
				GCC_C_LANGUAGE_STANDARD = gnu11;
				GCC_NO_COMMON_BLOCKS = YES;
				GCC_WARN_64_TO_32_BIT_CONVERSION = YES;
				GCC_WARN_ABOUT_RETURN_TYPE = YES_ERROR;
				GCC_WARN_UNDECLARED_SELECTOR = YES;
				GCC_WARN_UNINITIALIZED_AUTOS = YES_AGGRESSIVE;
				GCC_WARN_UNUSED_FUNCTION = YES;
				GCC_WARN_UNUSED_VARIABLE = YES;
				IPHONEOS_DEPLOYMENT_TARGET = 15.0;
				MTL_ENABLE_DEBUG_INFO = NO;
				MTL_FAST_MATH = YES;
				SDKROOT = iphoneos;
				SWIFT_COMPILATION_MODE = wholemodule;
				SWIFT_OPTIMIZATION_LEVEL = "-O";
				VALIDATE_PRODUCT = YES;
			};
			name = Release;
		};
		56C11CF927161A6100D68952 /* Debug */ = {
			isa = XCBuildConfiguration;
			buildSettings = {
				ASSETCATALOG_COMPILER_APPICON_NAME = AppIcon;
				ASSETCATALOG_COMPILER_GLOBAL_ACCENT_COLOR_NAME = AccentColor;
				CODE_SIGN_STYLE = Automatic;
				CURRENT_PROJECT_VERSION = 1;
				DEVELOPMENT_TEAM = QK8LY36SC5;
				GENERATE_INFOPLIST_FILE = YES;
				INFOPLIST_FILE = HW4_EgeSeckin/Info.plist;
				INFOPLIST_KEY_UIApplicationSupportsIndirectInputEvents = YES;
				INFOPLIST_KEY_UILaunchStoryboardName = LaunchScreen;
				INFOPLIST_KEY_UIMainStoryboardFile = Main;
				INFOPLIST_KEY_UISupportedInterfaceOrientations_iPad = "UIInterfaceOrientationPortrait UIInterfaceOrientationPortraitUpsideDown UIInterfaceOrientationLandscapeLeft UIInterfaceOrientationLandscapeRight";
				INFOPLIST_KEY_UISupportedInterfaceOrientations_iPhone = "UIInterfaceOrientationPortrait UIInterfaceOrientationLandscapeLeft UIInterfaceOrientationLandscapeRight";
				LD_RUNPATH_SEARCH_PATHS = (
					"$(inherited)",
					"@executable_path/Frameworks",
				);
				MARKETING_VERSION = 1.0;
				PRODUCT_BUNDLE_IDENTIFIER = "com.egeseckin.HW4-EgeSeckin";
				PRODUCT_NAME = "$(TARGET_NAME)";
				SWIFT_EMIT_LOC_STRINGS = YES;
				SWIFT_VERSION = 5.0;
				TARGETED_DEVICE_FAMILY = "1,2";
			};
			name = Debug;
		};
		56C11CFA27161A6100D68952 /* Release */ = {
			isa = XCBuildConfiguration;
			buildSettings = {
				ASSETCATALOG_COMPILER_APPICON_NAME = AppIcon;
				ASSETCATALOG_COMPILER_GLOBAL_ACCENT_COLOR_NAME = AccentColor;
				CODE_SIGN_STYLE = Automatic;
				CURRENT_PROJECT_VERSION = 1;
				DEVELOPMENT_TEAM = QK8LY36SC5;
				GENERATE_INFOPLIST_FILE = YES;
				INFOPLIST_FILE = HW4_EgeSeckin/Info.plist;
				INFOPLIST_KEY_UIApplicationSupportsIndirectInputEvents = YES;
				INFOPLIST_KEY_UILaunchStoryboardName = LaunchScreen;
				INFOPLIST_KEY_UIMainStoryboardFile = Main;
				INFOPLIST_KEY_UISupportedInterfaceOrientations_iPad = "UIInterfaceOrientationPortrait UIInterfaceOrientationPortraitUpsideDown UIInterfaceOrientationLandscapeLeft UIInterfaceOrientationLandscapeRight";
				INFOPLIST_KEY_UISupportedInterfaceOrientations_iPhone = "UIInterfaceOrientationPortrait UIInterfaceOrientationLandscapeLeft UIInterfaceOrientationLandscapeRight";
				LD_RUNPATH_SEARCH_PATHS = (
					"$(inherited)",
					"@executable_path/Frameworks",
				);
				MARKETING_VERSION = 1.0;
				PRODUCT_BUNDLE_IDENTIFIER = "com.egeseckin.HW4-EgeSeckin";
				PRODUCT_NAME = "$(TARGET_NAME)";
				SWIFT_EMIT_LOC_STRINGS = YES;
				SWIFT_VERSION = 5.0;
				TARGETED_DEVICE_FAMILY = "1,2";
			};
			name = Release;
		};
		56C11CFC27161A6100D68952 /* Debug */ = {
			isa = XCBuildConfiguration;
			buildSettings = {
				ALWAYS_EMBED_SWIFT_STANDARD_LIBRARIES = YES;
				BUNDLE_LOADER = "$(TEST_HOST)";
				CODE_SIGN_STYLE = Automatic;
				CURRENT_PROJECT_VERSION = 1;
				DEVELOPMENT_TEAM = QK8LY36SC5;
				GENERATE_INFOPLIST_FILE = YES;
				IPHONEOS_DEPLOYMENT_TARGET = 15.0;
				LD_RUNPATH_SEARCH_PATHS = (
					"$(inherited)",
					"@executable_path/Frameworks",
					"@loader_path/Frameworks",
				);
				MARKETING_VERSION = 1.0;
				PRODUCT_BUNDLE_IDENTIFIER = "com.egeseckin.HW4-EgeSeckinTests";
				PRODUCT_NAME = "$(TARGET_NAME)";
				SWIFT_EMIT_LOC_STRINGS = NO;
				SWIFT_VERSION = 5.0;
				TARGETED_DEVICE_FAMILY = "1,2";
				TEST_HOST = "$(BUILT_PRODUCTS_DIR)/HW4_EgeSeckin.app/HW4_EgeSeckin";
			};
			name = Debug;
		};
		56C11CFD27161A6100D68952 /* Release */ = {
			isa = XCBuildConfiguration;
			buildSettings = {
				ALWAYS_EMBED_SWIFT_STANDARD_LIBRARIES = YES;
				BUNDLE_LOADER = "$(TEST_HOST)";
				CODE_SIGN_STYLE = Automatic;
				CURRENT_PROJECT_VERSION = 1;
				DEVELOPMENT_TEAM = QK8LY36SC5;
				GENERATE_INFOPLIST_FILE = YES;
				IPHONEOS_DEPLOYMENT_TARGET = 15.0;
				LD_RUNPATH_SEARCH_PATHS = (
					"$(inherited)",
					"@executable_path/Frameworks",
					"@loader_path/Frameworks",
				);
				MARKETING_VERSION = 1.0;
				PRODUCT_BUNDLE_IDENTIFIER = "com.egeseckin.HW4-EgeSeckinTests";
				PRODUCT_NAME = "$(TARGET_NAME)";
				SWIFT_EMIT_LOC_STRINGS = NO;
				SWIFT_VERSION = 5.0;
				TARGETED_DEVICE_FAMILY = "1,2";
				TEST_HOST = "$(BUILT_PRODUCTS_DIR)/HW4_EgeSeckin.app/HW4_EgeSeckin";
			};
			name = Release;
		};
		56C11CFF27161A6100D68952 /* Debug */ = {
			isa = XCBuildConfiguration;
			buildSettings = {
				ALWAYS_EMBED_SWIFT_STANDARD_LIBRARIES = YES;
				CODE_SIGN_STYLE = Automatic;
				CURRENT_PROJECT_VERSION = 1;
				DEVELOPMENT_TEAM = QK8LY36SC5;
				GENERATE_INFOPLIST_FILE = YES;
				LD_RUNPATH_SEARCH_PATHS = (
					"$(inherited)",
					"@executable_path/Frameworks",
					"@loader_path/Frameworks",
				);
				MARKETING_VERSION = 1.0;
				PRODUCT_BUNDLE_IDENTIFIER = "com.egeseckin.HW4-EgeSeckinUITests";
				PRODUCT_NAME = "$(TARGET_NAME)";
				SWIFT_EMIT_LOC_STRINGS = NO;
				SWIFT_VERSION = 5.0;
				TARGETED_DEVICE_FAMILY = "1,2";
				TEST_TARGET_NAME = HW4_EgeSeckin;
			};
			name = Debug;
		};
		56C11D0027161A6100D68952 /* Release */ = {
			isa = XCBuildConfiguration;
			buildSettings = {
				ALWAYS_EMBED_SWIFT_STANDARD_LIBRARIES = YES;
				CODE_SIGN_STYLE = Automatic;
				CURRENT_PROJECT_VERSION = 1;
				DEVELOPMENT_TEAM = QK8LY36SC5;
				GENERATE_INFOPLIST_FILE = YES;
				LD_RUNPATH_SEARCH_PATHS = (
					"$(inherited)",
					"@executable_path/Frameworks",
					"@loader_path/Frameworks",
				);
				MARKETING_VERSION = 1.0;
				PRODUCT_BUNDLE_IDENTIFIER = "com.egeseckin.HW4-EgeSeckinUITests";
				PRODUCT_NAME = "$(TARGET_NAME)";
				SWIFT_EMIT_LOC_STRINGS = NO;
				SWIFT_VERSION = 5.0;
				TARGETED_DEVICE_FAMILY = "1,2";
				TEST_TARGET_NAME = HW4_EgeSeckin;
			};
			name = Release;
		};
/* End XCBuildConfiguration section */

/* Begin XCConfigurationList section */
		56C11CC927161A6000D68952 /* Build configuration list for PBXProject "HW4_EgeSeckin" */ = {
			isa = XCConfigurationList;
			buildConfigurations = (
				56C11CF627161A6100D68952 /* Debug */,
				56C11CF727161A6100D68952 /* Release */,
			);
			defaultConfigurationIsVisible = 0;
			defaultConfigurationName = Release;
		};
		56C11CF827161A6100D68952 /* Build configuration list for PBXNativeTarget "HW4_EgeSeckin" */ = {
			isa = XCConfigurationList;
			buildConfigurations = (
				56C11CF927161A6100D68952 /* Debug */,
				56C11CFA27161A6100D68952 /* Release */,
			);
			defaultConfigurationIsVisible = 0;
			defaultConfigurationName = Release;
		};
		56C11CFB27161A6100D68952 /* Build configuration list for PBXNativeTarget "HW4_EgeSeckinTests" */ = {
			isa = XCConfigurationList;
			buildConfigurations = (
				56C11CFC27161A6100D68952 /* Debug */,
				56C11CFD27161A6100D68952 /* Release */,
			);
			defaultConfigurationIsVisible = 0;
			defaultConfigurationName = Release;
		};
		56C11CFE27161A6100D68952 /* Build configuration list for PBXNativeTarget "HW4_EgeSeckinUITests" */ = {
			isa = XCConfigurationList;
			buildConfigurations = (
				56C11CFF27161A6100D68952 /* Debug */,
				56C11D0027161A6100D68952 /* Release */,
			);
			defaultConfigurationIsVisible = 0;
			defaultConfigurationName = Release;
		};
/* End XCConfigurationList section */

/* Begin XCRemoteSwiftPackageReference section */
		562E8D102718730900AF73DC /* XCRemoteSwiftPackageReference "RxSwift" */ = {
			isa = XCRemoteSwiftPackageReference;
			repositoryURL = "https://github.com/ReactiveX/RxSwift.git";
			requirement = {
				branch = main;
				kind = branch;
			};
		};
		56C11D0127161D1A00D68952 /* XCRemoteSwiftPackageReference "DefaultNetworkOperationPackage" */ = {
			isa = XCRemoteSwiftPackageReference;
			repositoryURL = "https://github.com/erkutbas/DefaultNetworkOperationPackage.git";
			requirement = {
				branch = main;
				kind = branch;
			};
		};
/* End XCRemoteSwiftPackageReference section */

/* Begin XCSwiftPackageProductDependency section */
		562E8D112718730900AF73DC /* RxBlocking */ = {
			isa = XCSwiftPackageProductDependency;
			package = 562E8D102718730900AF73DC /* XCRemoteSwiftPackageReference "RxSwift" */;
			productName = RxBlocking;
		};
		562E8D132718730900AF73DC /* RxCocoa */ = {
			isa = XCSwiftPackageProductDependency;
			package = 562E8D102718730900AF73DC /* XCRemoteSwiftPackageReference "RxSwift" */;
			productName = RxCocoa;
		};
		562E8D152718730900AF73DC /* RxRelay */ = {
			isa = XCSwiftPackageProductDependency;
			package = 562E8D102718730900AF73DC /* XCRemoteSwiftPackageReference "RxSwift" */;
			productName = RxRelay;
		};
		562E8D172718730900AF73DC /* RxSwift */ = {
			isa = XCSwiftPackageProductDependency;
			package = 562E8D102718730900AF73DC /* XCRemoteSwiftPackageReference "RxSwift" */;
			productName = RxSwift;
		};
		56C11D0227161D1A00D68952 /* DefaultNetworkOperationPackage */ = {
			isa = XCSwiftPackageProductDependency;
			package = 56C11D0127161D1A00D68952 /* XCRemoteSwiftPackageReference "DefaultNetworkOperationPackage" */;
			productName = DefaultNetworkOperationPackage;
		};
/* End XCSwiftPackageProductDependency section */
	};
	rootObject = 56C11CC627161A6000D68952 /* Project object */;
}
